
Microsoft Visual Studio Solution File, Format Version 12.00
# Visual Studio Version 17
VisualStudioVersion = 17.5.33516.290
MinimumVisualStudioVersion = 10.0.40219.1
Project("{9A19103F-16F7-4668-BE54-9A1E7A4F7556}") = "IsolatedExample", "IsolatedExample\IsolatedExample.csproj", "{B253EE14-2C6D-436E-A8BE-3B93AD2AE557}"
EndProject
Project("{FAE04EC0-301F-11D3-BF4B-00C04F79EFBC}") = "InprocessSample", "InprocessSample\InprocessSample.csproj", "{E1EFB1C9-A3BB-4358-B2E3-4794DE9F014E}"
EndProject
Global
	GlobalSection(SolutionConfigurationPlatforms) = preSolution
		Debug|Any CPU = Debug|Any CPU
		Release|Any CPU = Release|Any CPU
	EndGlobalSection
	GlobalSection(ProjectConfigurationPlatforms) = postSolution
		{B253EE14-2C6D-436E-A8BE-3B93AD2AE557}.Debug|Any CPU.ActiveCfg = Debug|Any CPU
		{B253EE14-2C6D-436E-A8BE-3B93AD2AE557}.Debug|Any CPU.Build.0 = Debug|Any CPU
		{B253EE14-2C6D-436E-A8BE-3B93AD2AE557}.Release|Any CPU.ActiveCfg = Release|Any CPU
		{B253EE14-2C6D-436E-A8BE-3B93AD2AE557}.Release|Any CPU.Build.0 = Release|Any CPU
		{E1EFB1C9-A3BB-4358-B2E3-4794DE9F014E}.Debug|Any CPU.ActiveCfg = Debug|Any CPU
		{E1EFB1C9-A3BB-4358-B2E3-4794DE9F014E}.Debug|Any CPU.Build.0 = Debug|Any CPU
		{E1EFB1C9-A3BB-4358-B2E3-4794DE9F014E}.Release|Any CPU.ActiveCfg = Release|Any CPU
		{E1EFB1C9-A3BB-4358-B2E3-4794DE9F014E}.Release|Any CPU.Build.0 = Release|Any CPU
	EndGlobalSection
	GlobalSection(SolutionProperties) = preSolution
		HideSolutionNode = FALSE
	EndGlobalSection
	GlobalSection(ExtensibilityGlobals) = postSolution
		SolutionGuid = {3FBE2B9D-4B1D-4811-BC7B-680640D64442}
	EndGlobalSection
EndGlobal
